
Microsoft Visual Studio Solution File, Format Version 12.00
# Visual Studio Version 16
VisualStudioVersion = 16.0.29209.62
MinimumVisualStudioVersion = 10.0.40219.1
Project("{9A19103F-16F7-4668-BE54-9A1E7A4F7556}") = "BlogApp.WebUI", "BlogApp.WebUI\BlogApp.WebUI.csproj", "{BE901AC8-AF14-4266-A034-D8A664CB906F}"
EndProject
Project("{9A19103F-16F7-4668-BE54-9A1E7A4F7556}") = "BlogApp.Entity", "BlogApp.Entity\BlogApp.Entity.csproj", "{8F61D898-D9FD-4D56-939A-AB2D9890B576}"
EndProject
Project("{FAE04EC0-301F-11D3-BF4B-00C04F79EFBC}") = "BlogApp.Data", "BlogApp.Datas\BlogApp.Data.csproj", "{A718FA62-4ECC-46E4-9619-C16665597908}"
EndProject
Global
	GlobalSection(SolutionConfigurationPlatforms) = preSolution
		Debug|Any CPU = Debug|Any CPU
		Release|Any CPU = Release|Any CPU
	EndGlobalSection
	GlobalSection(ProjectConfigurationPlatforms) = postSolution
		{BE901AC8-AF14-4266-A034-D8A664CB906F}.Debug|Any CPU.ActiveCfg = Debug|Any CPU
		{BE901AC8-AF14-4266-A034-D8A664CB906F}.Debug|Any CPU.Build.0 = Debug|Any CPU
		{BE901AC8-AF14-4266-A034-D8A664CB906F}.Release|Any CPU.ActiveCfg = Release|Any CPU
		{BE901AC8-AF14-4266-A034-D8A664CB906F}.Release|Any CPU.Build.0 = Release|Any CPU
		{8F61D898-D9FD-4D56-939A-AB2D9890B576}.Debug|Any CPU.ActiveCfg = Debug|Any CPU
		{8F61D898-D9FD-4D56-939A-AB2D9890B576}.Debug|Any CPU.Build.0 = Debug|Any CPU
		{8F61D898-D9FD-4D56-939A-AB2D9890B576}.Release|Any CPU.ActiveCfg = Release|Any CPU
		{8F61D898-D9FD-4D56-939A-AB2D9890B576}.Release|Any CPU.Build.0 = Release|Any CPU
		{A718FA62-4ECC-46E4-9619-C16665597908}.Debug|Any CPU.ActiveCfg = Debug|Any CPU
		{A718FA62-4ECC-46E4-9619-C16665597908}.Debug|Any CPU.Build.0 = Debug|Any CPU
		{A718FA62-4ECC-46E4-9619-C16665597908}.Release|Any CPU.ActiveCfg = Release|Any CPU
		{A718FA62-4ECC-46E4-9619-C16665597908}.Release|Any CPU.Build.0 = Release|Any CPU
	EndGlobalSection
	GlobalSection(SolutionProperties) = preSolution
		HideSolutionNode = FALSE
	EndGlobalSection
	GlobalSection(ExtensibilityGlobals) = postSolution
		SolutionGuid = {3D9938A9-3C4C-4CD5-BF5F-8FABB01AB7CF}
	EndGlobalSection
EndGlobal
